
Microsoft Visual Studio Solution File, Format Version 12.00
# Visual Studio 15
Project("{FAE04EC0-301F-11D3-BF4B-00C04F79EFBC}") = "Assembly-CSharp", "Assembly-CSharp.csproj", "{1D38612F-D902-1FB7-17FD-20F4D2960F6D}"
EndProject
Project("{FAE04EC0-301F-11D3-BF4B-00C04F79EFBC}") = "Assembly-CSharp-Editor", "Assembly-CSharp-Editor.csproj", "{F97A470D-10B2-550C-A22D-5AAECA541989}"
EndProject
Global
	GlobalSection(SolutionConfigurationPlatforms) = preSolution
		Debug|Any CPU = Debug|Any CPU
		Release|Any CPU = Release|Any CPU
	EndGlobalSection
	GlobalSection(ProjectConfigurationPlatforms) = postSolution
		{1D38612F-D902-1FB7-17FD-20F4D2960F6D}.Debug|Any CPU.ActiveCfg = Debug|Any CPU
		{1D38612F-D902-1FB7-17FD-20F4D2960F6D}.Debug|Any CPU.Build.0 = Debug|Any CPU
		{1D38612F-D902-1FB7-17FD-20F4D2960F6D}.Release|Any CPU.ActiveCfg = Release|Any CPU
		{1D38612F-D902-1FB7-17FD-20F4D2960F6D}.Release|Any CPU.Build.0 = Release|Any CPU
		{F97A470D-10B2-550C-A22D-5AAECA541989}.Debug|Any CPU.ActiveCfg = Debug|Any CPU
		{F97A470D-10B2-550C-A22D-5AAECA541989}.Debug|Any CPU.Build.0 = Debug|Any CPU
		{F97A470D-10B2-550C-A22D-5AAECA541989}.Release|Any CPU.ActiveCfg = Release|Any CPU
		{F97A470D-10B2-550C-A22D-5AAECA541989}.Release|Any CPU.Build.0 = Release|Any CPU
	EndGlobalSection
	GlobalSection(SolutionProperties) = preSolution
		HideSolutionNode = FALSE
	EndGlobalSection
EndGlobal
